
Microsoft Visual Studio Solution File, Format Version 12.00
# Visual Studio Version 16
VisualStudioVersion = 16.0.30611.23
MinimumVisualStudioVersion = 10.0.40219.1
Project("{8BC9CEB8-8B4A-11D0-8D11-00A0C91BC942}") = "Libraries", "Libraries.vcxproj", "{0FB72FB8-9AE8-4BEC-88DF-C2BD319C05B8}"
EndProject
Global
	GlobalSection(SolutionConfigurationPlatforms) = preSolution
		Debug|x64 = Debug|x64
		Debug|x86 = Debug|x86
		Release|x64 = Release|x64
		Release|x86 = Release|x86
	EndGlobalSection
	GlobalSection(ProjectConfigurationPlatforms) = postSolution
		{0FB72FB8-9AE8-4BEC-88DF-C2BD319C05B8}.Debug|x64.ActiveCfg = Debug|x64
		{0FB72FB8-9AE8-4BEC-88DF-C2BD319C05B8}.Debug|x64.Build.0 = Debug|x64
		{0FB72FB8-9AE8-4BEC-88DF-C2BD319C05B8}.Debug|x86.ActiveCfg = Debug|Win32
		{0FB72FB8-9AE8-4BEC-88DF-C2BD319C05B8}.Debug|x86.Build.0 = Debug|Win32
		{0FB72FB8-9AE8-4BEC-88DF-C2BD319C05B8}.Release|x64.ActiveCfg = Release|x64
		{0FB72FB8-9AE8-4BEC-88DF-C2BD319C05B8}.Release|x64.Build.0 = Release|x64
		{0FB72FB8-9AE8-4BEC-88DF-C2BD319C05B8}.Release|x86.ActiveCfg = Release|Win32
		{0FB72FB8-9AE8-4BEC-88DF-C2BD319C05B8}.Release|x86.Build.0 = Release|Win32
	EndGlobalSection
	GlobalSection(SolutionProperties) = preSolution
		HideSolutionNode = FALSE
	EndGlobalSection
	GlobalSection(ExtensibilityGlobals) = postSolution
		SolutionGuid = {FCA0F0F9-C519-4660-9B38-FDD2D6D1C3E2}
	EndGlobalSection
EndGlobal
